
Microsoft Visual Studio Solution File, Format Version 12.00
# Visual Studio 2012
Project("{FAE04EC0-301F-11D3-BF4B-00C04F79EFBC}") = "Arpa Laser", "Arpa Laser\Arpa Laser.csproj", "{F7FEAEB7-23DC-4F4A-ADD1-8547F473B9CD}"
EndProject
Global
	GlobalSection(SolutionConfigurationPlatforms) = preSolution
		Debug|Any CPU = Debug|Any CPU
		Release|Any CPU = Release|Any CPU
	EndGlobalSection
	GlobalSection(ProjectConfigurationPlatforms) = postSolution
		{F7FEAEB7-23DC-4F4A-ADD1-8547F473B9CD}.Debug|Any CPU.ActiveCfg = Debug|Any CPU
		{F7FEAEB7-23DC-4F4A-ADD1-8547F473B9CD}.Debug|Any CPU.Build.0 = Debug|Any CPU
		{F7FEAEB7-23DC-4F4A-ADD1-8547F473B9CD}.Release|Any CPU.ActiveCfg = Release|Any CPU
		{F7FEAEB7-23DC-4F4A-ADD1-8547F473B9CD}.Release|Any CPU.Build.0 = Release|Any CPU
	EndGlobalSection
	GlobalSection(SolutionProperties) = preSolution
		HideSolutionNode = FALSE
	EndGlobalSection
EndGlobal
